// !$*UTF8*$!
{
	archiveVersion = 1;
	classes = {
	};
	objectVersion = 46;
	objects = {

/* Begin PBXBuildFile section */
		7809EC69217E68C2AFF8E229 /* Pods_EngineerCalculatorUITests.framework in Frameworks */ = {isa = PBXBuildFile; fileRef = 14C408FB14B65A3383D55895 /* Pods_EngineerCalculatorUITests.framework */; };
		9844AF09ECBAF05A18D7A7B0 /* Pods_EngineerCalculatorTests.framework in Frameworks */ = {isa = PBXBuildFile; fileRef = 5E2CD64DFD5A40F2578B0A16 /* Pods_EngineerCalculatorTests.framework */; };
		BF67AB441F91EE92004FB635 /* AdSupport.framework in Frameworks */ = {isa = PBXBuildFile; fileRef = BF67AB431F91EE92004FB635 /* AdSupport.framework */; };
		BF67AB461F91EEA3004FB635 /* AudioToolbox.framework in Frameworks */ = {isa = PBXBuildFile; fileRef = BF67AB451F91EEA3004FB635 /* AudioToolbox.framework */; };
		BF67AB481F91EEAA004FB635 /* AVFoundation.framework in Frameworks */ = {isa = PBXBuildFile; fileRef = BF67AB471F91EEAA004FB635 /* AVFoundation.framework */; };
		BF67AB4A1F91EEB3004FB635 /* CoreGraphics.framework in Frameworks */ = {isa = PBXBuildFile; fileRef = BF67AB491F91EEB3004FB635 /* CoreGraphics.framework */; };
		BF67AB4C1F91EEBC004FB635 /* CoreMedia.framework in Frameworks */ = {isa = PBXBuildFile; fileRef = BF67AB4B1F91EEBC004FB635 /* CoreMedia.framework */; };
		BF67AB4E1F91EEC3004FB635 /* CoreTelephony.framework in Frameworks */ = {isa = PBXBuildFile; fileRef = BF67AB4D1F91EEC3004FB635 /* CoreTelephony.framework */; };
		BF67AB501F91EECA004FB635 /* EventKit.framework in Frameworks */ = {isa = PBXBuildFile; fileRef = BF67AB4F1F91EECA004FB635 /* EventKit.framework */; };
		BF67AB521F91EECF004FB635 /* EventKitUI.framework in Frameworks */ = {isa = PBXBuildFile; fileRef = BF67AB511F91EECF004FB635 /* EventKitUI.framework */; };
		BF67AB541F91EEDB004FB635 /* MessageUI.framework in Frameworks */ = {isa = PBXBuildFile; fileRef = BF67AB531F91EEDB004FB635 /* MessageUI.framework */; };
		BF67AB561F91EEE1004FB635 /* StoreKit.framework in Frameworks */ = {isa = PBXBuildFile; fileRef = BF67AB551F91EEE1004FB635 /* StoreKit.framework */; };
		BF67AB581F91EEE6004FB635 /* SystemConfiguration.framework in Frameworks */ = {isa = PBXBuildFile; fileRef = BF67AB571F91EEE6004FB635 /* SystemConfiguration.framework */; settings = {ATTRIBUTES = (Required, ); }; };
		BFA8003D1E06BB3F0048882C /* AppDelegate.swift in Sources */ = {isa = PBXBuildFile; fileRef = BFA8003C1E06BB3F0048882C /* AppDelegate.swift */; };
		BFA8003F1E06BB3F0048882C /* ViewController.swift in Sources */ = {isa = PBXBuildFile; fileRef = BFA8003E1E06BB3F0048882C /* ViewController.swift */; };
		BFA800421E06BB3F0048882C /* Main.storyboard in Resources */ = {isa = PBXBuildFile; fileRef = BFA800401E06BB3F0048882C /* Main.storyboard */; };
		BFA800441E06BB3F0048882C /* Assets.xcassets in Resources */ = {isa = PBXBuildFile; fileRef = BFA800431E06BB3F0048882C /* Assets.xcassets */; };
		BFA800471E06BB3F0048882C /* LaunchScreen.storyboard in Resources */ = {isa = PBXBuildFile; fileRef = BFA800451E06BB3F0048882C /* LaunchScreen.storyboard */; };
		BFA800521E06BB400048882C /* EngineerCalculatorTests.swift in Sources */ = {isa = PBXBuildFile; fileRef = BFA800511E06BB400048882C /* EngineerCalculatorTests.swift */; };
		BFA8005D1E06BB400048882C /* EngineerCalculatorUITests.swift in Sources */ = {isa = PBXBuildFile; fileRef = BFA8005C1E06BB400048882C /* EngineerCalculatorUITests.swift */; };
		BFA8006B1E095DBD0048882C /* UIView+Border.swift in Sources */ = {isa = PBXBuildFile; fileRef = BFA8006A1E095DBD0048882C /* UIView+Border.swift */; };
		BFCD56381F91F3B400F80D84 /* GoogleMobileAds.framework in Frameworks */ = {isa = PBXBuildFile; fileRef = BFCD56371F91F3B400F80D84 /* GoogleMobileAds.framework */; };
		DF1711191EA1C4AC83F91F4E /* Pods_EngineerCalculator.framework in Frameworks */ = {isa = PBXBuildFile; fileRef = 2BC8EB591A11CC58E3A1F503 /* Pods_EngineerCalculator.framework */; };
/* End PBXBuildFile section */

/* Begin PBXContainerItemProxy section */
		BFA8004E1E06BB400048882C /* PBXContainerItemProxy */ = {
			isa = PBXContainerItemProxy;
			containerPortal = BFA800311E06BB3F0048882C /* Project object */;
			proxyType = 1;
			remoteGlobalIDString = BFA800381E06BB3F0048882C;
			remoteInfo = EngineerCalculator;
		};
		BFA800591E06BB400048882C /* PBXContainerItemProxy */ = {
			isa = PBXContainerItemProxy;
			containerPortal = BFA800311E06BB3F0048882C /* Project object */;
			proxyType = 1;
			remoteGlobalIDString = BFA800381E06BB3F0048882C;
			remoteInfo = EngineerCalculator;
		};
/* End PBXContainerItemProxy section */

/* Begin PBXFileReference section */
		0CF5B4D9C99302C79EDC8644 /* Pods-EngineerCalculatorUITests.debug.xcconfig */ = {isa = PBXFileReference; includeInIndex = 1; lastKnownFileType = text.xcconfig; name = "Pods-EngineerCalculatorUITests.debug.xcconfig"; path = "Pods/Target Support Files/Pods-EngineerCalculatorUITests/Pods-EngineerCalculatorUITests.debug.xcconfig"; sourceTree = "<group>"; };
		13BBDF8265E5EAA6008B9DFA /* Pods-EngineerCalculatorTests.release.xcconfig */ = {isa = PBXFileReference; includeInIndex = 1; lastKnownFileType = text.xcconfig; name = "Pods-EngineerCalculatorTests.release.xcconfig"; path = "Pods/Target Support Files/Pods-EngineerCalculatorTests/Pods-EngineerCalculatorTests.release.xcconfig"; sourceTree = "<group>"; };
		14C408FB14B65A3383D55895 /* Pods_EngineerCalculatorUITests.framework */ = {isa = PBXFileReference; explicitFileType = wrapper.framework; includeInIndex = 0; path = Pods_EngineerCalculatorUITests.framework; sourceTree = BUILT_PRODUCTS_DIR; };
		20C292C18B36C790EF854C42 /* Pods-EngineerCalculator.debug.xcconfig */ = {isa = PBXFileReference; includeInIndex = 1; lastKnownFileType = text.xcconfig; name = "Pods-EngineerCalculator.debug.xcconfig"; path = "Pods/Target Support Files/Pods-EngineerCalculator/Pods-EngineerCalculator.debug.xcconfig"; sourceTree = "<group>"; };
		2BC8EB591A11CC58E3A1F503 /* Pods_EngineerCalculator.framework */ = {isa = PBXFileReference; explicitFileType = wrapper.framework; includeInIndex = 0; path = Pods_EngineerCalculator.framework; sourceTree = BUILT_PRODUCTS_DIR; };
		5BB58321193ACF55E76215EB /* Pods-EngineerCalculatorTests.debug.xcconfig */ = {isa = PBXFileReference; includeInIndex = 1; lastKnownFileType = text.xcconfig; name = "Pods-EngineerCalculatorTests.debug.xcconfig"; path = "Pods/Target Support Files/Pods-EngineerCalculatorTests/Pods-EngineerCalculatorTests.debug.xcconfig"; sourceTree = "<group>"; };
		5E2CD64DFD5A40F2578B0A16 /* Pods_EngineerCalculatorTests.framework */ = {isa = PBXFileReference; explicitFileType = wrapper.framework; includeInIndex = 0; path = Pods_EngineerCalculatorTests.framework; sourceTree = BUILT_PRODUCTS_DIR; };
		9E385A9BEAAE0837D7EE8E6B /* Pods-EngineerCalculatorUITests.release.xcconfig */ = {isa = PBXFileReference; includeInIndex = 1; lastKnownFileType = text.xcconfig; name = "Pods-EngineerCalculatorUITests.release.xcconfig"; path = "Pods/Target Support Files/Pods-EngineerCalculatorUITests/Pods-EngineerCalculatorUITests.release.xcconfig"; sourceTree = "<group>"; };
		B715E8915A59EEDDF01D27CF /* Pods-EngineerCalculator.release.xcconfig */ = {isa = PBXFileReference; includeInIndex = 1; lastKnownFileType = text.xcconfig; name = "Pods-EngineerCalculator.release.xcconfig"; path = "Pods/Target Support Files/Pods-EngineerCalculator/Pods-EngineerCalculator.release.xcconfig"; sourceTree = "<group>"; };
		BF67AB431F91EE92004FB635 /* AdSupport.framework */ = {isa = PBXFileReference; lastKnownFileType = wrapper.framework; name = AdSupport.framework; path = System/Library/Frameworks/AdSupport.framework; sourceTree = SDKROOT; };
		BF67AB451F91EEA3004FB635 /* AudioToolbox.framework */ = {isa = PBXFileReference; lastKnownFileType = wrapper.framework; name = AudioToolbox.framework; path = System/Library/Frameworks/AudioToolbox.framework; sourceTree = SDKROOT; };
		BF67AB471F91EEAA004FB635 /* AVFoundation.framework */ = {isa = PBXFileReference; lastKnownFileType = wrapper.framework; name = AVFoundation.framework; path = System/Library/Frameworks/AVFoundation.framework; sourceTree = SDKROOT; };
		BF67AB491F91EEB3004FB635 /* CoreGraphics.framework */ = {isa = PBXFileReference; lastKnownFileType = wrapper.framework; name = CoreGraphics.framework; path = System/Library/Frameworks/CoreGraphics.framework; sourceTree = SDKROOT; };
		BF67AB4B1F91EEBC004FB635 /* CoreMedia.framework */ = {isa = PBXFileReference; lastKnownFileType = wrapper.framework; name = CoreMedia.framework; path = System/Library/Frameworks/CoreMedia.framework; sourceTree = SDKROOT; };
		BF67AB4D1F91EEC3004FB635 /* CoreTelephony.framework */ = {isa = PBXFileReference; lastKnownFileType = wrapper.framework; name = CoreTelephony.framework; path = System/Library/Frameworks/CoreTelephony.framework; sourceTree = SDKROOT; };
		BF67AB4F1F91EECA004FB635 /* EventKit.framework */ = {isa = PBXFileReference; lastKnownFileType = wrapper.framework; name = EventKit.framework; path = System/Library/Frameworks/EventKit.framework; sourceTree = SDKROOT; };
		BF67AB511F91EECF004FB635 /* EventKitUI.framework */ = {isa = PBXFileReference; lastKnownFileType = wrapper.framework; name = EventKitUI.framework; path = System/Library/Frameworks/EventKitUI.framework; sourceTree = SDKROOT; };
		BF67AB531F91EEDB004FB635 /* MessageUI.framework */ = {isa = PBXFileReference; lastKnownFileType = wrapper.framework; name = MessageUI.framework; path = System/Library/Frameworks/MessageUI.framework; sourceTree = SDKROOT; };
		BF67AB551F91EEE1004FB635 /* StoreKit.framework */ = {isa = PBXFileReference; lastKnownFileType = wrapper.framework; name = StoreKit.framework; path = System/Library/Frameworks/StoreKit.framework; sourceTree = SDKROOT; };
		BF67AB571F91EEE6004FB635 /* SystemConfiguration.framework */ = {isa = PBXFileReference; lastKnownFileType = wrapper.framework; name = SystemConfiguration.framework; path = System/Library/Frameworks/SystemConfiguration.framework; sourceTree = SDKROOT; };
		BFA800391E06BB3F0048882C /* EngineerCalculator.app */ = {isa = PBXFileReference; explicitFileType = wrapper.application; includeInIndex = 0; path = EngineerCalculator.app; sourceTree = BUILT_PRODUCTS_DIR; };
		BFA8003C1E06BB3F0048882C /* AppDelegate.swift */ = {isa = PBXFileReference; lastKnownFileType = sourcecode.swift; path = AppDelegate.swift; sourceTree = "<group>"; };
		BFA8003E1E06BB3F0048882C /* ViewController.swift */ = {isa = PBXFileReference; lastKnownFileType = sourcecode.swift; path = ViewController.swift; sourceTree = "<group>"; };
		BFA800411E06BB3F0048882C /* Base */ = {isa = PBXFileReference; lastKnownFileType = file.storyboard; name = Base; path = Base.lproj/Main.storyboard; sourceTree = "<group>"; };
		BFA800431E06BB3F0048882C /* Assets.xcassets */ = {isa = PBXFileReference; lastKnownFileType = folder.assetcatalog; path = Assets.xcassets; sourceTree = "<group>"; };
		BFA800461E06BB3F0048882C /* Base */ = {isa = PBXFileReference; lastKnownFileType = file.storyboard; name = Base; path = Base.lproj/LaunchScreen.storyboard; sourceTree = "<group>"; };
		BFA800481E06BB3F0048882C /* Info.plist */ = {isa = PBXFileReference; lastKnownFileType = text.plist.xml; path = Info.plist; sourceTree = "<group>"; };
		BFA8004D1E06BB400048882C /* EngineerCalculatorTests.xctest */ = {isa = PBXFileReference; explicitFileType = wrapper.cfbundle; includeInIndex = 0; path = EngineerCalculatorTests.xctest; sourceTree = BUILT_PRODUCTS_DIR; };
		BFA800511E06BB400048882C /* EngineerCalculatorTests.swift */ = {isa = PBXFileReference; lastKnownFileType = sourcecode.swift; path = EngineerCalculatorTests.swift; sourceTree = "<group>"; };
		BFA800531E06BB400048882C /* Info.plist */ = {isa = PBXFileReference; lastKnownFileType = text.plist.xml; path = Info.plist; sourceTree = "<group>"; };
		BFA800581E06BB400048882C /* EngineerCalculatorUITests.xctest */ = {isa = PBXFileReference; explicitFileType = wrapper.cfbundle; includeInIndex = 0; path = EngineerCalculatorUITests.xctest; sourceTree = BUILT_PRODUCTS_DIR; };
		BFA8005C1E06BB400048882C /* EngineerCalculatorUITests.swift */ = {isa = PBXFileReference; lastKnownFileType = sourcecode.swift; path = EngineerCalculatorUITests.swift; sourceTree = "<group>"; };
		BFA8005E1E06BB400048882C /* Info.plist */ = {isa = PBXFileReference; lastKnownFileType = text.plist.xml; path = Info.plist; sourceTree = "<group>"; };
		BFA8006A1E095DBD0048882C /* UIView+Border.swift */ = {isa = PBXFileReference; fileEncoding = 4; lastKnownFileType = sourcecode.swift; path = "UIView+Border.swift"; sourceTree = "<group>"; };
		BFCD56371F91F3B400F80D84 /* GoogleMobileAds.framework */ = {isa = PBXFileReference; lastKnownFileType = wrapper.framework; name = GoogleMobileAds.framework; path = "Pods/Google-Mobile-Ads-SDK/Frameworks/frameworks/GoogleMobileAds.framework"; sourceTree = "<group>"; };
/* End PBXFileReference section */

/* Begin PBXFrameworksBuildPhase section */
		BFA800361E06BB3F0048882C /* Frameworks */ = {
			isa = PBXFrameworksBuildPhase;
			buildActionMask = 2147483647;
			files = (
				BFCD56381F91F3B400F80D84 /* GoogleMobileAds.framework in Frameworks */,
				BF67AB581F91EEE6004FB635 /* SystemConfiguration.framework in Frameworks */,
				BF67AB561F91EEE1004FB635 /* StoreKit.framework in Frameworks */,
				BF67AB541F91EEDB004FB635 /* MessageUI.framework in Frameworks */,
				BF67AB521F91EECF004FB635 /* EventKitUI.framework in Frameworks */,
				BF67AB501F91EECA004FB635 /* EventKit.framework in Frameworks */,
				BF67AB4E1F91EEC3004FB635 /* CoreTelephony.framework in Frameworks */,
				BF67AB4C1F91EEBC004FB635 /* CoreMedia.framework in Frameworks */,
				BF67AB4A1F91EEB3004FB635 /* CoreGraphics.framework in Frameworks */,
				BF67AB481F91EEAA004FB635 /* AVFoundation.framework in Frameworks */,
				BF67AB461F91EEA3004FB635 /* AudioToolbox.framework in Frameworks */,
				BF67AB441F91EE92004FB635 /* AdSupport.framework in Frameworks */,
				DF1711191EA1C4AC83F91F4E /* Pods_EngineerCalculator.framework in Frameworks */,
			);
			runOnlyForDeploymentPostprocessing = 0;
		};
		BFA8004A1E06BB400048882C /* Frameworks */ = {
			isa = PBXFrameworksBuildPhase;
			buildActionMask = 2147483647;
			files = (
				9844AF09ECBAF05A18D7A7B0 /* Pods_EngineerCalculatorTests.framework in Frameworks */,
			);
			runOnlyForDeploymentPostprocessing = 0;
		};
		BFA800551E06BB400048882C /* Frameworks */ = {
			isa = PBXFrameworksBuildPhase;
			buildActionMask = 2147483647;
			files = (
				7809EC69217E68C2AFF8E229 /* Pods_EngineerCalculatorUITests.framework in Frameworks */,
			);
			runOnlyForDeploymentPostprocessing = 0;
		};
/* End PBXFrameworksBuildPhase section */

/* Begin PBXGroup section */
		502CC8C449346EC2C6E2FD82 /* Frameworks */ = {
			isa = PBXGroup;
			children = (
				BFCD56371F91F3B400F80D84 /* GoogleMobileAds.framework */,
				BF67AB571F91EEE6004FB635 /* SystemConfiguration.framework */,
				BF67AB551F91EEE1004FB635 /* StoreKit.framework */,
				BF67AB531F91EEDB004FB635 /* MessageUI.framework */,
				BF67AB511F91EECF004FB635 /* EventKitUI.framework */,
				BF67AB4F1F91EECA004FB635 /* EventKit.framework */,
				BF67AB4D1F91EEC3004FB635 /* CoreTelephony.framework */,
				BF67AB4B1F91EEBC004FB635 /* CoreMedia.framework */,
				BF67AB491F91EEB3004FB635 /* CoreGraphics.framework */,
				BF67AB471F91EEAA004FB635 /* AVFoundation.framework */,
				BF67AB451F91EEA3004FB635 /* AudioToolbox.framework */,
				BF67AB431F91EE92004FB635 /* AdSupport.framework */,
				2BC8EB591A11CC58E3A1F503 /* Pods_EngineerCalculator.framework */,
				5E2CD64DFD5A40F2578B0A16 /* Pods_EngineerCalculatorTests.framework */,
				14C408FB14B65A3383D55895 /* Pods_EngineerCalculatorUITests.framework */,
			);
			name = Frameworks;
			sourceTree = "<group>";
		};
		6141F0A601C70D9DADFFEB80 /* Pods */ = {
			isa = PBXGroup;
			children = (
				20C292C18B36C790EF854C42 /* Pods-EngineerCalculator.debug.xcconfig */,
				B715E8915A59EEDDF01D27CF /* Pods-EngineerCalculator.release.xcconfig */,
				5BB58321193ACF55E76215EB /* Pods-EngineerCalculatorTests.debug.xcconfig */,
				13BBDF8265E5EAA6008B9DFA /* Pods-EngineerCalculatorTests.release.xcconfig */,
				0CF5B4D9C99302C79EDC8644 /* Pods-EngineerCalculatorUITests.debug.xcconfig */,
				9E385A9BEAAE0837D7EE8E6B /* Pods-EngineerCalculatorUITests.release.xcconfig */,
			);
			name = Pods;
			sourceTree = "<group>";
		};
		BFA800301E06BB3F0048882C = {
			isa = PBXGroup;
			children = (
				BFA8003B1E06BB3F0048882C /* EngineerCalculator */,
				BFA800501E06BB400048882C /* EngineerCalculatorTests */,
				BFA8005B1E06BB400048882C /* EngineerCalculatorUITests */,
				BFA8003A1E06BB3F0048882C /* Products */,
				6141F0A601C70D9DADFFEB80 /* Pods */,
				502CC8C449346EC2C6E2FD82 /* Frameworks */,
			);
			sourceTree = "<group>";
		};
		BFA8003A1E06BB3F0048882C /* Products */ = {
			isa = PBXGroup;
			children = (
				BFA800391E06BB3F0048882C /* EngineerCalculator.app */,
				BFA8004D1E06BB400048882C /* EngineerCalculatorTests.xctest */,
				BFA800581E06BB400048882C /* EngineerCalculatorUITests.xctest */,
			);
			name = Products;
			sourceTree = "<group>";
		};
		BFA8003B1E06BB3F0048882C /* EngineerCalculator */ = {
			isa = PBXGroup;
			children = (
				BFA8003C1E06BB3F0048882C /* AppDelegate.swift */,
				BFA8003E1E06BB3F0048882C /* ViewController.swift */,
				BFA800401E06BB3F0048882C /* Main.storyboard */,
				BFA8006A1E095DBD0048882C /* UIView+Border.swift */,
				BFA800431E06BB3F0048882C /* Assets.xcassets */,
				BFA800451E06BB3F0048882C /* LaunchScreen.storyboard */,
				BFA800481E06BB3F0048882C /* Info.plist */,
			);
			path = EngineerCalculator;
			sourceTree = "<group>";
		};
		BFA800501E06BB400048882C /* EngineerCalculatorTests */ = {
			isa = PBXGroup;
			children = (
				BFA800511E06BB400048882C /* EngineerCalculatorTests.swift */,
				BFA800531E06BB400048882C /* Info.plist */,
			);
			path = EngineerCalculatorTests;
			sourceTree = "<group>";
		};
		BFA8005B1E06BB400048882C /* EngineerCalculatorUITests */ = {
			isa = PBXGroup;
			children = (
				BFA8005C1E06BB400048882C /* EngineerCalculatorUITests.swift */,
				BFA8005E1E06BB400048882C /* Info.plist */,
			);
			path = EngineerCalculatorUITests;
			sourceTree = "<group>";
		};
/* End PBXGroup section */

/* Begin PBXNativeTarget section */
		BFA800381E06BB3F0048882C /* EngineerCalculator */ = {
			isa = PBXNativeTarget;
			buildConfigurationList = BFA800611E06BB400048882C /* Build configuration list for PBXNativeTarget "EngineerCalculator" */;
			buildPhases = (
				C6AC1166B1D7FD49A1CF36AA /* [CP] Check Pods Manifest.lock */,
				BFA800351E06BB3F0048882C /* Sources */,
				BFA800361E06BB3F0048882C /* Frameworks */,
				BFA800371E06BB3F0048882C /* Resources */,
				8D1F5A4B2BE5253D72CA3707 /* [CP] Embed Pods Frameworks */,
				07A1B425245A17C670EAF3C3 /* [CP] Copy Pods Resources */,
			);
			buildRules = (
			);
			dependencies = (
			);
			name = EngineerCalculator;
			productName = EngineerCalculator;
			productReference = BFA800391E06BB3F0048882C /* EngineerCalculator.app */;
			productType = "com.apple.product-type.application";
		};
		BFA8004C1E06BB400048882C /* EngineerCalculatorTests */ = {
			isa = PBXNativeTarget;
			buildConfigurationList = BFA800641E06BB400048882C /* Build configuration list for PBXNativeTarget "EngineerCalculatorTests" */;
			buildPhases = (
				7DD8F677EDD776A98F4DEFA5 /* [CP] Check Pods Manifest.lock */,
				BFA800491E06BB400048882C /* Sources */,
				BFA8004A1E06BB400048882C /* Frameworks */,
				BFA8004B1E06BB400048882C /* Resources */,
				EE730F9916E2C158F6C0FA7B /* [CP] Embed Pods Frameworks */,
				F8BCD39BB93179184D3F15DB /* [CP] Copy Pods Resources */,
			);
			buildRules = (
			);
			dependencies = (
				BFA8004F1E06BB400048882C /* PBXTargetDependency */,
			);
			name = EngineerCalculatorTests;
			productName = EngineerCalculatorTests;
			productReference = BFA8004D1E06BB400048882C /* EngineerCalculatorTests.xctest */;
			productType = "com.apple.product-type.bundle.unit-test";
		};
		BFA800571E06BB400048882C /* EngineerCalculatorUITests */ = {
			isa = PBXNativeTarget;
			buildConfigurationList = BFA800671E06BB400048882C /* Build configuration list for PBXNativeTarget "EngineerCalculatorUITests" */;
			buildPhases = (
				4670426DDF42DBA68283D824 /* [CP] Check Pods Manifest.lock */,
				BFA800541E06BB400048882C /* Sources */,
				BFA800551E06BB400048882C /* Frameworks */,
				BFA800561E06BB400048882C /* Resources */,
				6B7F7061DA8725F47BB33185 /* [CP] Embed Pods Frameworks */,
				662CC2253A8BA94D5C10CA36 /* [CP] Copy Pods Resources */,
			);
			buildRules = (
			);
			dependencies = (
				BFA8005A1E06BB400048882C /* PBXTargetDependency */,
			);
			name = EngineerCalculatorUITests;
			productName = EngineerCalculatorUITests;
			productReference = BFA800581E06BB400048882C /* EngineerCalculatorUITests.xctest */;
			productType = "com.apple.product-type.bundle.ui-testing";
		};
/* End PBXNativeTarget section */

/* Begin PBXProject section */
		BFA800311E06BB3F0048882C /* Project object */ = {
			isa = PBXProject;
			attributes = {
				LastSwiftUpdateCheck = 0810;
				LastUpgradeCheck = 0810;
				ORGANIZATIONNAME = kengo;
				TargetAttributes = {
					BFA800381E06BB3F0048882C = {
						CreatedOnToolsVersion = 8.1;
						DevelopmentTeam = ME2P39A3QN;
						ProvisioningStyle = Manual;
					};
					BFA8004C1E06BB400048882C = {
						CreatedOnToolsVersion = 8.1;
						ProvisioningStyle = Automatic;
						TestTargetID = BFA800381E06BB3F0048882C;
					};
					BFA800571E06BB400048882C = {
						CreatedOnToolsVersion = 8.1;
						ProvisioningStyle = Automatic;
						TestTargetID = BFA800381E06BB3F0048882C;
					};
				};
			};
			buildConfigurationList = BFA800341E06BB3F0048882C /* Build configuration list for PBXProject "EngineerCalculator" */;
			compatibilityVersion = "Xcode 3.2";
			developmentRegion = English;
			hasScannedForEncodings = 0;
			knownRegions = (
				en,
				Base,
			);
			mainGroup = BFA800301E06BB3F0048882C;
			productRefGroup = BFA8003A1E06BB3F0048882C /* Products */;
			projectDirPath = "";
			projectRoot = "";
			targets = (
				BFA800381E06BB3F0048882C /* EngineerCalculator */,
				BFA8004C1E06BB400048882C /* EngineerCalculatorTests */,
				BFA800571E06BB400048882C /* EngineerCalculatorUITests */,
			);
		};
/* End PBXProject section */

/* Begin PBXResourcesBuildPhase section */
		BFA800371E06BB3F0048882C /* Resources */ = {
			isa = PBXResourcesBuildPhase;
			buildActionMask = 2147483647;
			files = (
				BFA800471E06BB3F0048882C /* LaunchScreen.storyboard in Resources */,
				BFA800441E06BB3F0048882C /* Assets.xcassets in Resources */,
				BFA800421E06BB3F0048882C /* Main.storyboard in Resources */,
			);
			runOnlyForDeploymentPostprocessing = 0;
		};
		BFA8004B1E06BB400048882C /* Resources */ = {
			isa = PBXResourcesBuildPhase;
			buildActionMask = 2147483647;
			files = (
			);
			runOnlyForDeploymentPostprocessing = 0;
		};
		BFA800561E06BB400048882C /* Resources */ = {
			isa = PBXResourcesBuildPhase;
			buildActionMask = 2147483647;
			files = (
			);
			runOnlyForDeploymentPostprocessing = 0;
		};
/* End PBXResourcesBuildPhase section */

/* Begin PBXShellScriptBuildPhase section */
		07A1B425245A17C670EAF3C3 /* [CP] Copy Pods Resources */ = {
			isa = PBXShellScriptBuildPhase;
			buildActionMask = 2147483647;
			files = (
			);
			inputPaths = (
			);
			name = "[CP] Copy Pods Resources";
			outputPaths = (
			);
			runOnlyForDeploymentPostprocessing = 0;
			shellPath = /bin/sh;
			shellScript = "\"${SRCROOT}/Pods/Target Support Files/Pods-EngineerCalculator/Pods-EngineerCalculator-resources.sh\"\n";
			showEnvVarsInLog = 0;
		};
		4670426DDF42DBA68283D824 /* [CP] Check Pods Manifest.lock */ = {
			isa = PBXShellScriptBuildPhase;
			buildActionMask = 2147483647;
			files = (
			);
			inputPaths = (
			);
			name = "[CP] Check Pods Manifest.lock";
			outputPaths = (
			);
			runOnlyForDeploymentPostprocessing = 0;
			shellPath = /bin/sh;
			shellScript = "diff \"${PODS_ROOT}/../Podfile.lock\" \"${PODS_ROOT}/Manifest.lock\" > /dev/null\nif [ $? != 0 ] ; then\n    # print error to STDERR\n    echo \"error: The sandbox is not in sync with the Podfile.lock. Run 'pod install' or update your CocoaPods installation.\" >&2\n    exit 1\nfi\n";
			showEnvVarsInLog = 0;
		};
		662CC2253A8BA94D5C10CA36 /* [CP] Copy Pods Resources */ = {
			isa = PBXShellScriptBuildPhase;
			buildActionMask = 2147483647;
			files = (
			);
			inputPaths = (
			);
			name = "[CP] Copy Pods Resources";
			outputPaths = (
			);
			runOnlyForDeploymentPostprocessing = 0;
			shellPath = /bin/sh;
			shellScript = "\"${SRCROOT}/Pods/Target Support Files/Pods-EngineerCalculatorUITests/Pods-EngineerCalculatorUITests-resources.sh\"\n";
			showEnvVarsInLog = 0;
		};
		6B7F7061DA8725F47BB33185 /* [CP] Embed Pods Frameworks */ = {
			isa = PBXShellScriptBuildPhase;
			buildActionMask = 2147483647;
			files = (
			);
			inputPaths = (
			);
			name = "[CP] Embed Pods Frameworks";
			outputPaths = (
			);
			runOnlyForDeploymentPostprocessing = 0;
			shellPath = /bin/sh;
			shellScript = "\"${SRCROOT}/Pods/Target Support Files/Pods-EngineerCalculatorUITests/Pods-EngineerCalculatorUITests-frameworks.sh\"\n";
			showEnvVarsInLog = 0;
		};
		7DD8F677EDD776A98F4DEFA5 /* [CP] Check Pods Manifest.lock */ = {
			isa = PBXShellScriptBuildPhase;
			buildActionMask = 2147483647;
			files = (
			);
			inputPaths = (
			);
			name = "[CP] Check Pods Manifest.lock";
			outputPaths = (
			);
			runOnlyForDeploymentPostprocessing = 0;
			shellPath = /bin/sh;
			shellScript = "diff \"${PODS_ROOT}/../Podfile.lock\" \"${PODS_ROOT}/Manifest.lock\" > /dev/null\nif [ $? != 0 ] ; then\n    # print error to STDERR\n    echo \"error: The sandbox is not in sync with the Podfile.lock. Run 'pod install' or update your CocoaPods installation.\" >&2\n    exit 1\nfi\n";
			showEnvVarsInLog = 0;
		};
		8D1F5A4B2BE5253D72CA3707 /* [CP] Embed Pods Frameworks */ = {
			isa = PBXShellScriptBuildPhase;
			buildActionMask = 2147483647;
			files = (
			);
			inputPaths = (
			);
			name = "[CP] Embed Pods Frameworks";
			outputPaths = (
			);
			runOnlyForDeploymentPostprocessing = 0;
			shellPath = /bin/sh;
			shellScript = "\"${SRCROOT}/Pods/Target Support Files/Pods-EngineerCalculator/Pods-EngineerCalculator-frameworks.sh\"\n";
			showEnvVarsInLog = 0;
		};
		C6AC1166B1D7FD49A1CF36AA /* [CP] Check Pods Manifest.lock */ = {
			isa = PBXShellScriptBuildPhase;
			buildActionMask = 2147483647;
			files = (
			);
			inputPaths = (
			);
			name = "[CP] Check Pods Manifest.lock";
			outputPaths = (
			);
			runOnlyForDeploymentPostprocessing = 0;
			shellPath = /bin/sh;
			shellScript = "diff \"${PODS_ROOT}/../Podfile.lock\" \"${PODS_ROOT}/Manifest.lock\" > /dev/null\nif [ $? != 0 ] ; then\n    # print error to STDERR\n    echo \"error: The sandbox is not in sync with the Podfile.lock. Run 'pod install' or update your CocoaPods installation.\" >&2\n    exit 1\nfi\n";
			showEnvVarsInLog = 0;
		};
		EE730F9916E2C158F6C0FA7B /* [CP] Embed Pods Frameworks */ = {
			isa = PBXShellScriptBuildPhase;
			buildActionMask = 2147483647;
			files = (
			);
			inputPaths = (
			);
			name = "[CP] Embed Pods Frameworks";
			outputPaths = (
			);
			runOnlyForDeploymentPostprocessing = 0;
			shellPath = /bin/sh;
			shellScript = "\"${SRCROOT}/Pods/Target Support Files/Pods-EngineerCalculatorTests/Pods-EngineerCalculatorTests-frameworks.sh\"\n";
			showEnvVarsInLog = 0;
		};
		F8BCD39BB93179184D3F15DB /* [CP] Copy Pods Resources */ = {
			isa = PBXShellScriptBuildPhase;
			buildActionMask = 2147483647;
			files = (
			);
			inputPaths = (
			);
			name = "[CP] Copy Pods Resources";
			outputPaths = (
			);
			runOnlyForDeploymentPostprocessing = 0;
			shellPath = /bin/sh;
			shellScript = "\"${SRCROOT}/Pods/Target Support Files/Pods-EngineerCalculatorTests/Pods-EngineerCalculatorTests-resources.sh\"\n";
			showEnvVarsInLog = 0;
		};
/* End PBXShellScriptBuildPhase section */

/* Begin PBXSourcesBuildPhase section */
		BFA800351E06BB3F0048882C /* Sources */ = {
			isa = PBXSourcesBuildPhase;
			buildActionMask = 2147483647;
			files = (
				BFA8003F1E06BB3F0048882C /* ViewController.swift in Sources */,
				BFA8003D1E06BB3F0048882C /* AppDelegate.swift in Sources */,
				BFA8006B1E095DBD0048882C /* UIView+Border.swift in Sources */,
			);
			runOnlyForDeploymentPostprocessing = 0;
		};
		BFA800491E06BB400048882C /* Sources */ = {
			isa = PBXSourcesBuildPhase;
			buildActionMask = 2147483647;
			files = (
				BFA800521E06BB400048882C /* EngineerCalculatorTests.swift in Sources */,
			);
			runOnlyForDeploymentPostprocessing = 0;
		};
		BFA800541E06BB400048882C /* Sources */ = {
			isa = PBXSourcesBuildPhase;
			buildActionMask = 2147483647;
			files = (
				BFA8005D1E06BB400048882C /* EngineerCalculatorUITests.swift in Sources */,
			);
			runOnlyForDeploymentPostprocessing = 0;
		};
/* End PBXSourcesBuildPhase section */

/* Begin PBXTargetDependency section */
		BFA8004F1E06BB400048882C /* PBXTargetDependency */ = {
			isa = PBXTargetDependency;
			target = BFA800381E06BB3F0048882C /* EngineerCalculator */;
			targetProxy = BFA8004E1E06BB400048882C /* PBXContainerItemProxy */;
		};
		BFA8005A1E06BB400048882C /* PBXTargetDependency */ = {
			isa = PBXTargetDependency;
			target = BFA800381E06BB3F0048882C /* EngineerCalculator */;
			targetProxy = BFA800591E06BB400048882C /* PBXContainerItemProxy */;
		};
/* End PBXTargetDependency section */

/* Begin PBXVariantGroup section */
		BFA800401E06BB3F0048882C /* Main.storyboard */ = {
			isa = PBXVariantGroup;
			children = (
				BFA800411E06BB3F0048882C /* Base */,
			);
			name = Main.storyboard;
			sourceTree = "<group>";
		};
		BFA800451E06BB3F0048882C /* LaunchScreen.storyboard */ = {
			isa = PBXVariantGroup;
			children = (
				BFA800461E06BB3F0048882C /* Base */,
			);
			name = LaunchScreen.storyboard;
			sourceTree = "<group>";
		};
/* End PBXVariantGroup section */

/* Begin XCBuildConfiguration section */
		BFA8005F1E06BB400048882C /* Debug */ = {
			isa = XCBuildConfiguration;
			buildSettings = {
				ALWAYS_SEARCH_USER_PATHS = NO;
				CLANG_ANALYZER_NONNULL = YES;
				CLANG_CXX_LANGUAGE_STANDARD = "gnu++0x";
				CLANG_CXX_LIBRARY = "libc++";
				CLANG_ENABLE_MODULES = YES;
				CLANG_ENABLE_OBJC_ARC = YES;
				CLANG_WARN_BOOL_CONVERSION = YES;
				CLANG_WARN_CONSTANT_CONVERSION = YES;
				CLANG_WARN_DIRECT_OBJC_ISA_USAGE = YES_ERROR;
				CLANG_WARN_DOCUMENTATION_COMMENTS = YES;
				CLANG_WARN_EMPTY_BODY = YES;
				CLANG_WARN_ENUM_CONVERSION = YES;
				CLANG_WARN_INFINITE_RECURSION = YES;
				CLANG_WARN_INT_CONVERSION = YES;
				CLANG_WARN_OBJC_ROOT_CLASS = YES_ERROR;
				CLANG_WARN_SUSPICIOUS_MOVES = YES;
				CLANG_WARN_UNREACHABLE_CODE = YES;
				CLANG_WARN__DUPLICATE_METHOD_MATCH = YES;
				"CODE_SIGN_IDENTITY[sdk=iphoneos*]" = "iPhone Developer";
				COPY_PHASE_STRIP = NO;
				DEBUG_INFORMATION_FORMAT = dwarf;
				ENABLE_STRICT_OBJC_MSGSEND = YES;
				ENABLE_TESTABILITY = YES;
				GCC_C_LANGUAGE_STANDARD = gnu99;
				GCC_DYNAMIC_NO_PIC = NO;
				GCC_NO_COMMON_BLOCKS = YES;
				GCC_OPTIMIZATION_LEVEL = 0;
				GCC_PREPROCESSOR_DEFINITIONS = (
					"DEBUG=1",
					"$(inherited)",
				);
				GCC_WARN_64_TO_32_BIT_CONVERSION = YES;
				GCC_WARN_ABOUT_RETURN_TYPE = YES_ERROR;
				GCC_WARN_UNDECLARED_SELECTOR = YES;
				GCC_WARN_UNINITIALIZED_AUTOS = YES_AGGRESSIVE;
				GCC_WARN_UNUSED_FUNCTION = YES;
				GCC_WARN_UNUSED_VARIABLE = YES;
				IPHONEOS_DEPLOYMENT_TARGET = 9.0;
				MTL_ENABLE_DEBUG_INFO = YES;
				ONLY_ACTIVE_ARCH = YES;
				SDKROOT = iphoneos;
				SWIFT_ACTIVE_COMPILATION_CONDITIONS = DEBUG;
				SWIFT_OPTIMIZATION_LEVEL = "-Onone";
			};
			name = Debug;
		};
		BFA800601E06BB400048882C /* Release */ = {
			isa = XCBuildConfiguration;
			buildSettings = {
				ALWAYS_SEARCH_USER_PATHS = NO;
				CLANG_ANALYZER_NONNULL = YES;
				CLANG_CXX_LANGUAGE_STANDARD = "gnu++0x";
				CLANG_CXX_LIBRARY = "libc++";
				CLANG_ENABLE_MODULES = YES;
				CLANG_ENABLE_OBJC_ARC = YES;
				CLANG_WARN_BOOL_CONVERSION = YES;
				CLANG_WARN_CONSTANT_CONVERSION = YES;
				CLANG_WARN_DIRECT_OBJC_ISA_USAGE = YES_ERROR;
				CLANG_WARN_DOCUMENTATION_COMMENTS = YES;
				CLANG_WARN_EMPTY_BODY = YES;
				CLANG_WARN_ENUM_CONVERSION = YES;
				CLANG_WARN_INFINITE_RECURSION = YES;
				CLANG_WARN_INT_CONVERSION = YES;
				CLANG_WARN_OBJC_ROOT_CLASS = YES_ERROR;
				CLANG_WARN_SUSPICIOUS_MOVES = YES;
				CLANG_WARN_UNREACHABLE_CODE = YES;
				CLANG_WARN__DUPLICATE_METHOD_MATCH = YES;
				"CODE_SIGN_IDENTITY[sdk=iphoneos*]" = "iPhone Developer";
				COPY_PHASE_STRIP = NO;
				DEBUG_INFORMATION_FORMAT = "dwarf-with-dsym";
				ENABLE_NS_ASSERTIONS = NO;
				ENABLE_STRICT_OBJC_MSGSEND = YES;
				GCC_C_LANGUAGE_STANDARD = gnu99;
				GCC_NO_COMMON_BLOCKS = YES;
				GCC_WARN_64_TO_32_BIT_CONVERSION = YES;
				GCC_WARN_ABOUT_RETURN_TYPE = YES_ERROR;
				GCC_WARN_UNDECLARED_SELECTOR = YES;
				GCC_WARN_UNINITIALIZED_AUTOS = YES_AGGRESSIVE;
				GCC_WARN_UNUSED_FUNCTION = YES;
				GCC_WARN_UNUSED_VARIABLE = YES;
				IPHONEOS_DEPLOYMENT_TARGET = 9.0;
				MTL_ENABLE_DEBUG_INFO = NO;
				SDKROOT = iphoneos;
				SWIFT_OPTIMIZATION_LEVEL = "-Owholemodule";
				VALIDATE_PRODUCT = YES;
			};
			name = Release;
		};
		BFA800621E06BB400048882C /* Debug */ = {
			isa = XCBuildConfiguration;
			baseConfigurationReference = 20C292C18B36C790EF854C42 /* Pods-EngineerCalculator.debug.xcconfig */;
			buildSettings = {
				ASSETCATALOG_COMPILER_APPICON_NAME = AppIcon;
				CODE_SIGN_IDENTITY = "iPhone Distribution: Kengo Fujimoto (ME2P39A3QN)";
				"CODE_SIGN_IDENTITY[sdk=iphoneos*]" = "iPhone Distribution";
				DEVELOPMENT_TEAM = ME2P39A3QN;
				FRAMEWORK_SEARCH_PATHS = (
					"$(inherited)",
					"$(PROJECT_DIR)/Pods/Google-Mobile-Ads-SDK/Frameworks/frameworks",
				);
				INFOPLIST_FILE = EngineerCalculator/Info.plist;
				IPHONEOS_DEPLOYMENT_TARGET = 9.3;
				LD_RUNPATH_SEARCH_PATHS = "$(inherited) @executable_path/Frameworks";
				PRODUCT_BUNDLE_IDENTIFIER = com.kengooon.engineercalculator;
				PRODUCT_NAME = "$(TARGET_NAME)";
				PROVISIONING_PROFILE = "65b51fba-0412-4e1f-9078-1a1376dd52e6";
				PROVISIONING_PROFILE_SPECIFIER = engineerprofile;
				SWIFT_VERSION = 3.0;
				TARGETED_DEVICE_FAMILY = 1;
			};
			name = Debug;
		};
		BFA800631E06BB400048882C /* Release */ = {
			isa = XCBuildConfiguration;
			baseConfigurationReference = B715E8915A59EEDDF01D27CF /* Pods-EngineerCalculator.release.xcconfig */;
			buildSettings = {
				ASSETCATALOG_COMPILER_APPICON_NAME = AppIcon;
				CODE_SIGN_IDENTITY = "iPhone Distribution: Kengo Fujimoto (ME2P39A3QN)";
				"CODE_SIGN_IDENTITY[sdk=iphoneos*]" = "iPhone Distribution";
				DEVELOPMENT_TEAM = ME2P39A3QN;
				FRAMEWORK_SEARCH_PATHS = (
					"$(inherited)",
					"$(PROJECT_DIR)/Pods/Google-Mobile-Ads-SDK/Frameworks/frameworks",
				);
				INFOPLIST_FILE = EngineerCalculator/Info.plist;
				IPHONEOS_DEPLOYMENT_TARGET = 9.3;
				LD_RUNPATH_SEARCH_PATHS = "$(inherited) @executable_path/Frameworks";
				PRODUCT_BUNDLE_IDENTIFIER = com.kengooon.engineercalculator;
				PRODUCT_NAME = "$(TARGET_NAME)";
				PROVISIONING_PROFILE = "65b51fba-0412-4e1f-9078-1a1376dd52e6";
				PROVISIONING_PROFILE_SPECIFIER = engineerprofile;
				SWIFT_VERSION = 3.0;
				TARGETED_DEVICE_FAMILY = 1;
			};
			name = Release;
		};
		BFA800651E06BB400048882C /* Debug */ = {
			isa = XCBuildConfiguration;
			baseConfigurationReference = 5BB58321193ACF55E76215EB /* Pods-EngineerCalculatorTests.debug.xcconfig */;
			buildSettings = {
				ALWAYS_EMBED_SWIFT_STANDARD_LIBRARIES = YES;
				BUNDLE_LOADER = "$(TEST_HOST)";
				INFOPLIST_FILE = EngineerCalculatorTests/Info.plist;
				LD_RUNPATH_SEARCH_PATHS = "$(inherited) @executable_path/Frameworks @loader_path/Frameworks";
				PRODUCT_BUNDLE_IDENTIFIER = self.EngineerCalculatorTests;
				PRODUCT_NAME = "$(TARGET_NAME)";
				SWIFT_VERSION = 3.0;
				TEST_HOST = "$(BUILT_PRODUCTS_DIR)/EngineerCalculator.app/EngineerCalculator";
			};
			name = Debug;
		};
		BFA800661E06BB400048882C /* Release */ = {
			isa = XCBuildConfiguration;
			baseConfigurationReference = 13BBDF8265E5EAA6008B9DFA /* Pods-EngineerCalculatorTests.release.xcconfig */;
			buildSettings = {
				ALWAYS_EMBED_SWIFT_STANDARD_LIBRARIES = YES;
				BUNDLE_LOADER = "$(TEST_HOST)";
				INFOPLIST_FILE = EngineerCalculatorTests/Info.plist;
				LD_RUNPATH_SEARCH_PATHS = "$(inherited) @executable_path/Frameworks @loader_path/Frameworks";
				PRODUCT_BUNDLE_IDENTIFIER = self.EngineerCalculatorTests;
				PRODUCT_NAME = "$(TARGET_NAME)";
				SWIFT_VERSION = 3.0;
				TEST_HOST = "$(BUILT_PRODUCTS_DIR)/EngineerCalculator.app/EngineerCalculator";
			};
			name = Release;
		};
		BFA800681E06BB400048882C /* Debug */ = {
			isa = XCBuildConfiguration;
			baseConfigurationReference = 0CF5B4D9C99302C79EDC8644 /* Pods-EngineerCalculatorUITests.debug.xcconfig */;
			buildSettings = {
				ALWAYS_EMBED_SWIFT_STANDARD_LIBRARIES = YES;
				INFOPLIST_FILE = EngineerCalculatorUITests/Info.plist;
				LD_RUNPATH_SEARCH_PATHS = "$(inherited) @executable_path/Frameworks @loader_path/Frameworks";
				PRODUCT_BUNDLE_IDENTIFIER = self.EngineerCalculatorUITests;
				PRODUCT_NAME = "$(TARGET_NAME)";
				SWIFT_VERSION = 3.0;
				TEST_TARGET_NAME = EngineerCalculator;
			};
			name = Debug;
		};
		BFA800691E06BB400048882C /* Release */ = {
			isa = XCBuildConfiguration;
			baseConfigurationReference = 9E385A9BEAAE0837D7EE8E6B /* Pods-EngineerCalculatorUITests.release.xcconfig */;
			buildSettings = {
				ALWAYS_EMBED_SWIFT_STANDARD_LIBRARIES = YES;
				INFOPLIST_FILE = EngineerCalculatorUITests/Info.plist;
				LD_RUNPATH_SEARCH_PATHS = "$(inherited) @executable_path/Frameworks @loader_path/Frameworks";
				PRODUCT_BUNDLE_IDENTIFIER = self.EngineerCalculatorUITests;
				PRODUCT_NAME = "$(TARGET_NAME)";
				SWIFT_VERSION = 3.0;
				TEST_TARGET_NAME = EngineerCalculator;
			};
			name = Release;
		};
/* End XCBuildConfiguration section */

/* Begin XCConfigurationList section */
		BFA800341E06BB3F0048882C /* Build configuration list for PBXProject "EngineerCalculator" */ = {
			isa = XCConfigurationList;
			buildConfigurations = (
				BFA8005F1E06BB400048882C /* Debug */,
				BFA800601E06BB400048882C /* Release */,
			);
			defaultConfigurationIsVisible = 0;
			defaultConfigurationName = Release;
		};
		BFA800611E06BB400048882C /* Build configuration list for PBXNativeTarget "EngineerCalculator" */ = {
			isa = XCConfigurationList;
			buildConfigurations = (
				BFA800621E06BB400048882C /* Debug */,
				BFA800631E06BB400048882C /* Release */,
			);
			defaultConfigurationIsVisible = 0;
			defaultConfigurationName = Release;
		};
		BFA800641E06BB400048882C /* Build configuration list for PBXNativeTarget "EngineerCalculatorTests" */ = {
			isa = XCConfigurationList;
			buildConfigurations = (
				BFA800651E06BB400048882C /* Debug */,
				BFA800661E06BB400048882C /* Release */,
			);
			defaultConfigurationIsVisible = 0;
			defaultConfigurationName = Release;
		};
		BFA800671E06BB400048882C /* Build configuration list for PBXNativeTarget "EngineerCalculatorUITests" */ = {
			isa = XCConfigurationList;
			buildConfigurations = (
				BFA800681E06BB400048882C /* Debug */,
				BFA800691E06BB400048882C /* Release */,
			);
			defaultConfigurationIsVisible = 0;
			defaultConfigurationName = Release;
		};
/* End XCConfigurationList section */
	};
	rootObject = BFA800311E06BB3F0048882C /* Project object */;
}
